
Microsoft Visual Studio Solution File, Format Version 12.00
# Visual Studio Version 17
VisualStudioVersion = 17.9.34701.34
MinimumVisualStudioVersion = 10.0.40219.1
Project("{FAE04EC0-301F-11D3-BF4B-00C04F79EFBC}") = "RutaDeBus", "RutaDeBus\RutaDeBus.csproj", "{E41B6308-DCCB-45DC-B891-113B5B0C9BC3}"
EndProject
Global
	GlobalSection(SolutionConfigurationPlatforms) = preSolution
		Debug|Any CPU = Debug|Any CPU
		Release|Any CPU = Release|Any CPU
	EndGlobalSection
	GlobalSection(ProjectConfigurationPlatforms) = postSolution
		{E41B6308-DCCB-45DC-B891-113B5B0C9BC3}.Debug|Any CPU.ActiveCfg = Debug|Any CPU
		{E41B6308-DCCB-45DC-B891-113B5B0C9BC3}.Debug|Any CPU.Build.0 = Debug|Any CPU
		{E41B6308-DCCB-45DC-B891-113B5B0C9BC3}.Release|Any CPU.ActiveCfg = Release|Any CPU
		{E41B6308-DCCB-45DC-B891-113B5B0C9BC3}.Release|Any CPU.Build.0 = Release|Any CPU
	EndGlobalSection
	GlobalSection(SolutionProperties) = preSolution
		HideSolutionNode = FALSE
	EndGlobalSection
	GlobalSection(ExtensibilityGlobals) = postSolution
		SolutionGuid = {B7E26A09-FBCC-420A-B03F-ECC362F85C3F}
	EndGlobalSection
EndGlobal
